<?xml version="1.0" encoding="utf-8"?>
<Project ToolsVersion="4.0" xmlns="http://schemas.microsoft.com/developer/msbuild/2003">
  <ItemGroup>
    <Filter Include="Source Files">
      <UniqueIdentifier>{4FC737F1-C7A5-4376-A066-2A32D752A2FF}</UniqueIdentifier>
      <Extensions>cpp;c;cc;cxx;def;odl;idl;hpj;bat;asm;asmx</Extensions>
    </Filter>
    <Filter Include="App">
      <UniqueIdentifier>{aa765aa8-8d4c-437e-8bdf-e9995bc670de}</UniqueIdentifier>
    </Filter>
  </ItemGroup>
  <ItemGroup>
    <None Include="ReadMe.txt" />
  </ItemGroup>
  <ItemGroup>
    <ClInclude Include="pixel_format_helper.h">
      <Filter>Source Files</Filter>
    </ClInclude>
    <ClInclude Include="stdafx.h">
      <Filter>Source Files</Filter>
    </ClInclude>
    <ClInclude Include="..\TestPoOpenNI\poOpenNI.h">
      <Filter>App</Filter>
    </ClInclude>
    <ClInclude Include="..\TestPoOpenNI\TestPoOpenNIApp.h">
      <Filter>App</Filter>
    </ClInclude>
  </ItemGroup>
  <ItemGroup>
    <ClCompile Include="stdafx.cpp">
      <Filter>Source Files</Filter>
    </ClCompile>
    <ClCompile Include="main.cpp">
      <Filter>Source Files</Filter>
    </ClCompile>
    <ClCompile Include="pixel_format_helper.cpp">
      <Filter>Source Files</Filter>
    </ClCompile>
    <ClCompile Include="..\TestPoOpenNI\TestPoOpenNIApp.cpp">
      <Filter>App</Filter>
    </ClCompile>
    <ClCompile Include="..\TestPoOpenNI\poOpenNI.cpp">
      <Filter>App</Filter>
    </ClCompile>
    <ClCompile Include="..\TestPoOpenNI\AppConfig.cpp">
      <Filter>App</Filter>
    </ClCompile>
  </ItemGroup>
</Project>